
Microsoft Visual Studio Solution File, Format Version 12.00
# Visual Studio Version 16
VisualStudioVersion = 16.0.29009.5
MinimumVisualStudioVersion = 10.0.40219.1
Project("{9A19103F-16F7-4668-BE54-9A1E7A4F7556}") = "PostManager", "PostManager.csproj", "{0EBF812A-3DAA-4A30-9D6E-7AB7FD1FDDDE}"
EndProject
Project("{FAE04EC0-301F-11D3-BF4B-00C04F79EFBC}") = "PostManager.DAL", "..\PostManager.DAL\PostManager.DAL.csproj", "{20205382-2B31-47D9-B24C-7C4ADED1E5CB}"
EndProject
Project("{FAE04EC0-301F-11D3-BF4B-00C04F79EFBC}") = "PostManager.BL", "..\PostManager.BL\PostManager.BL.csproj", "{0C28C76A-6D8C-4553-8C88-638BD56F1AB3}"
EndProject
Project("{FAE04EC0-301F-11D3-BF4B-00C04F79EFBC}") = "PostManager.Common", "..\PostManager.Common\PostManager.Common.csproj", "{1F2EEE22-3193-4454-B7C6-390E4B691649}"
EndProject
Global
	GlobalSection(SolutionConfigurationPlatforms) = preSolution
		Debug|Any CPU = Debug|Any CPU
		Release|Any CPU = Release|Any CPU
	EndGlobalSection
	GlobalSection(ProjectConfigurationPlatforms) = postSolution
		{0EBF812A-3DAA-4A30-9D6E-7AB7FD1FDDDE}.Debug|Any CPU.ActiveCfg = Debug|Any CPU
		{0EBF812A-3DAA-4A30-9D6E-7AB7FD1FDDDE}.Debug|Any CPU.Build.0 = Debug|Any CPU
		{0EBF812A-3DAA-4A30-9D6E-7AB7FD1FDDDE}.Release|Any CPU.ActiveCfg = Release|Any CPU
		{0EBF812A-3DAA-4A30-9D6E-7AB7FD1FDDDE}.Release|Any CPU.Build.0 = Release|Any CPU
		{20205382-2B31-47D9-B24C-7C4ADED1E5CB}.Debug|Any CPU.ActiveCfg = Debug|Any CPU
		{20205382-2B31-47D9-B24C-7C4ADED1E5CB}.Debug|Any CPU.Build.0 = Debug|Any CPU
		{20205382-2B31-47D9-B24C-7C4ADED1E5CB}.Release|Any CPU.ActiveCfg = Release|Any CPU
		{20205382-2B31-47D9-B24C-7C4ADED1E5CB}.Release|Any CPU.Build.0 = Release|Any CPU
		{0C28C76A-6D8C-4553-8C88-638BD56F1AB3}.Debug|Any CPU.ActiveCfg = Debug|Any CPU
		{0C28C76A-6D8C-4553-8C88-638BD56F1AB3}.Debug|Any CPU.Build.0 = Debug|Any CPU
		{0C28C76A-6D8C-4553-8C88-638BD56F1AB3}.Release|Any CPU.ActiveCfg = Release|Any CPU
		{0C28C76A-6D8C-4553-8C88-638BD56F1AB3}.Release|Any CPU.Build.0 = Release|Any CPU
		{1F2EEE22-3193-4454-B7C6-390E4B691649}.Debug|Any CPU.ActiveCfg = Debug|Any CPU
		{1F2EEE22-3193-4454-B7C6-390E4B691649}.Debug|Any CPU.Build.0 = Debug|Any CPU
		{1F2EEE22-3193-4454-B7C6-390E4B691649}.Release|Any CPU.ActiveCfg = Release|Any CPU
		{1F2EEE22-3193-4454-B7C6-390E4B691649}.Release|Any CPU.Build.0 = Release|Any CPU
	EndGlobalSection
	GlobalSection(SolutionProperties) = preSolution
		HideSolutionNode = FALSE
	EndGlobalSection
	GlobalSection(ExtensibilityGlobals) = postSolution
		SolutionGuid = {D21D9FAE-FB81-4BBE-B397-B647EF829C3C}
	EndGlobalSection
EndGlobal
